
Microsoft Visual Studio Solution File, Format Version 12.00
# Visual Studio Version 17
VisualStudioVersion = 17.6.33815.320
MinimumVisualStudioVersion = 10.0.40219.1
Project("{FAE04EC0-301F-11D3-BF4B-00C04F79EFBC}") = "MyMovieDb", "MyMovieDb\MyMovieDb.csproj", "{AAF784B5-E195-49CE-9761-FEC39639F1EA}"
EndProject
Global
	GlobalSection(SolutionConfigurationPlatforms) = preSolution
		Debug|Any CPU = Debug|Any CPU
		Release|Any CPU = Release|Any CPU
	EndGlobalSection
	GlobalSection(ProjectConfigurationPlatforms) = postSolution
		{AAF784B5-E195-49CE-9761-FEC39639F1EA}.Debug|Any CPU.ActiveCfg = Debug|Any CPU
		{AAF784B5-E195-49CE-9761-FEC39639F1EA}.Debug|Any CPU.Build.0 = Debug|Any CPU
		{AAF784B5-E195-49CE-9761-FEC39639F1EA}.Release|Any CPU.ActiveCfg = Release|Any CPU
		{AAF784B5-E195-49CE-9761-FEC39639F1EA}.Release|Any CPU.Build.0 = Release|Any CPU
	EndGlobalSection
	GlobalSection(SolutionProperties) = preSolution
		HideSolutionNode = FALSE
	EndGlobalSection
	GlobalSection(ExtensibilityGlobals) = postSolution
		SolutionGuid = {5C56D4BA-D045-46CF-BE00-12904AE81DD6}
	EndGlobalSection
EndGlobal
